
Microsoft Visual Studio Solution File, Format Version 12.00
# Visual Studio Version 16
VisualStudioVersion = 16.0.30104.148
MinimumVisualStudioVersion = 10.0.40219.1
Project("{FAE04EC0-301F-11D3-BF4B-00C04F79EFBC}") = "SortForVlasta", "SortForVlasta\SortForVlasta.csproj", "{9D9A8A7C-56B7-4375-8CF0-A9E5F6B9FE5F}"
EndProject
Global
	GlobalSection(SolutionConfigurationPlatforms) = preSolution
		Debug|Any CPU = Debug|Any CPU
		Release|Any CPU = Release|Any CPU
	EndGlobalSection
	GlobalSection(ProjectConfigurationPlatforms) = postSolution
		{9D9A8A7C-56B7-4375-8CF0-A9E5F6B9FE5F}.Debug|Any CPU.ActiveCfg = Debug|Any CPU
		{9D9A8A7C-56B7-4375-8CF0-A9E5F6B9FE5F}.Debug|Any CPU.Build.0 = Debug|Any CPU
		{9D9A8A7C-56B7-4375-8CF0-A9E5F6B9FE5F}.Release|Any CPU.ActiveCfg = Release|Any CPU
		{9D9A8A7C-56B7-4375-8CF0-A9E5F6B9FE5F}.Release|Any CPU.Build.0 = Release|Any CPU
	EndGlobalSection
	GlobalSection(SolutionProperties) = preSolution
		HideSolutionNode = FALSE
	EndGlobalSection
	GlobalSection(ExtensibilityGlobals) = postSolution
		SolutionGuid = {0407166F-1DBD-4C50-99C0-674CB8A38FC6}
	EndGlobalSection
EndGlobal
